
Microsoft Visual Studio Solution File, Format Version 12.00
# Visual Studio Version 16
VisualStudioVersion = 16.0.29920.165
MinimumVisualStudioVersion = 10.0.40219.1
Project("{9A19103F-16F7-4668-BE54-9A1E7A4F7556}") = "ZennoLab", "ZennoLab.csproj", "{5C75F7F3-A805-460D-A6CD-B0EDE48E36A9}"
EndProject
Project("{FAE04EC0-301F-11D3-BF4B-00C04F79EFBC}") = "Repositories", "..\Repositories\Repositories.csproj", "{EBA73A30-52B3-4802-A9FF-7667120FF694}"
EndProject
Global
	GlobalSection(SolutionConfigurationPlatforms) = preSolution
		Debug|Any CPU = Debug|Any CPU
		Release|Any CPU = Release|Any CPU
	EndGlobalSection
	GlobalSection(ProjectConfigurationPlatforms) = postSolution
		{5C75F7F3-A805-460D-A6CD-B0EDE48E36A9}.Debug|Any CPU.ActiveCfg = Debug|Any CPU
		{5C75F7F3-A805-460D-A6CD-B0EDE48E36A9}.Debug|Any CPU.Build.0 = Debug|Any CPU
		{5C75F7F3-A805-460D-A6CD-B0EDE48E36A9}.Release|Any CPU.ActiveCfg = Release|Any CPU
		{5C75F7F3-A805-460D-A6CD-B0EDE48E36A9}.Release|Any CPU.Build.0 = Release|Any CPU
		{EBA73A30-52B3-4802-A9FF-7667120FF694}.Debug|Any CPU.ActiveCfg = Debug|Any CPU
		{EBA73A30-52B3-4802-A9FF-7667120FF694}.Debug|Any CPU.Build.0 = Debug|Any CPU
		{EBA73A30-52B3-4802-A9FF-7667120FF694}.Release|Any CPU.ActiveCfg = Release|Any CPU
		{EBA73A30-52B3-4802-A9FF-7667120FF694}.Release|Any CPU.Build.0 = Release|Any CPU
	EndGlobalSection
	GlobalSection(SolutionProperties) = preSolution
		HideSolutionNode = FALSE
	EndGlobalSection
	GlobalSection(ExtensibilityGlobals) = postSolution
		SolutionGuid = {A15E1847-B726-4CDD-BD65-89024CF58483}
	EndGlobalSection
EndGlobal
